// !$*UTF8*$!
{
	archiveVersion = 1;
	classes = {
	};
	objectVersion = 56;
	objects = {

/* Begin PBXBuildFile section */
		AF0D7B642BFC98EE004F8B72 /* HexagonParameters.swift in Sources */ = {isa = PBXBuildFile; fileRef = AF0D7B632BFC98EE004F8B72 /* HexagonParameters.swift */; };
		AF0D7B662BFC9A8E004F8B72 /* BadgeBackground.swift in Sources */ = {isa = PBXBuildFile; fileRef = AF0D7B652BFC9A8E004F8B72 /* BadgeBackground.swift */; };
		AF0D7B6A2BFCA01A004F8B72 /* RotatedBadgeSymbol.swift in Sources */ = {isa = PBXBuildFile; fileRef = AF0D7B692BFCA01A004F8B72 /* RotatedBadgeSymbol.swift */; };
		AF0D7B6C2BFCA0A7004F8B72 /* Badge.swift in Sources */ = {isa = PBXBuildFile; fileRef = AF0D7B6B2BFCA0A7004F8B72 /* Badge.swift */; };
		AF280AF32BF7430D00817EBD /* SwiftUIDemoApp.swift in Sources */ = {isa = PBXBuildFile; fileRef = AF280AF22BF7430D00817EBD /* SwiftUIDemoApp.swift */; };
		AF280AF52BF7430D00817EBD /* ContentView.swift in Sources */ = {isa = PBXBuildFile; fileRef = AF280AF42BF7430D00817EBD /* ContentView.swift */; };
		AF280AF72BF7430F00817EBD /* Assets.xcassets in Resources */ = {isa = PBXBuildFile; fileRef = AF280AF62BF7430F00817EBD /* Assets.xcassets */; };
		AF280AFA2BF7430F00817EBD /* Preview Assets.xcassets in Resources */ = {isa = PBXBuildFile; fileRef = AF280AF92BF7430F00817EBD /* Preview Assets.xcassets */; };
		AF86191B2BFB031700EBC48C /* CircleImageView.swift in Sources */ = {isa = PBXBuildFile; fileRef = AF86191A2BFB031700EBC48C /* CircleImageView.swift */; };
		AF86191D2BFB19EA00EBC48C /* MapView.swift in Sources */ = {isa = PBXBuildFile; fileRef = AF86191C2BFB19EA00EBC48C /* MapView.swift */; };
		AF86191F2BFB25FA00EBC48C /* HomeContentView.swift in Sources */ = {isa = PBXBuildFile; fileRef = AF86191E2BFB25FA00EBC48C /* HomeContentView.swift */; };
		AF8619212BFB2CA800EBC48C /* landmarkData.json in Resources */ = {isa = PBXBuildFile; fileRef = AF8619202BFB2CA800EBC48C /* landmarkData.json */; };
		AF8619232BFB2DA600EBC48C /* Landmark.swift in Sources */ = {isa = PBXBuildFile; fileRef = AF8619222BFB2DA600EBC48C /* Landmark.swift */; };
		AF8619252BFB343000EBC48C /* ModelData.swift in Sources */ = {isa = PBXBuildFile; fileRef = AF8619242BFB343000EBC48C /* ModelData.swift */; };
		AF86192A2BFB365700EBC48C /* LandmarkRow.swift in Sources */ = {isa = PBXBuildFile; fileRef = AF8619292BFB365700EBC48C /* LandmarkRow.swift */; };
		AF86192C2BFB382C00EBC48C /* LandmarkList.swift in Sources */ = {isa = PBXBuildFile; fileRef = AF86192B2BFB382C00EBC48C /* LandmarkList.swift */; };
		AF86192E2BFB3B3600EBC48C /* LandmarkDetail.swift in Sources */ = {isa = PBXBuildFile; fileRef = AF86192D2BFB3B3600EBC48C /* LandmarkDetail.swift */; };
		AFD675852BFCA342008E9C16 /* BadgeSymbol.swift in Sources */ = {isa = PBXBuildFile; fileRef = AFD675842BFCA341008E9C16 /* BadgeSymbol.swift */; };
		AFD675872BFCA4D2008E9C16 /* hikeData.json in Resources */ = {isa = PBXBuildFile; fileRef = AFD675862BFCA4D2008E9C16 /* hikeData.json */; };
		AFD675892BFCA513008E9C16 /* Hike.swift in Sources */ = {isa = PBXBuildFile; fileRef = AFD675882BFCA513008E9C16 /* Hike.swift */; };
		AFD6758F2BFCA7BA008E9C16 /* GraphCapsule.swift in Sources */ = {isa = PBXBuildFile; fileRef = AFD6758A2BFCA7BA008E9C16 /* GraphCapsule.swift */; };
		AFD675902BFCA7BA008E9C16 /* HikeDetail.swift in Sources */ = {isa = PBXBuildFile; fileRef = AFD6758B2BFCA7BA008E9C16 /* HikeDetail.swift */; };
		AFD675912BFCA7BA008E9C16 /* HikeGraph.swift in Sources */ = {isa = PBXBuildFile; fileRef = AFD6758C2BFCA7BA008E9C16 /* HikeGraph.swift */; };
		AFD675922BFCA7BA008E9C16 /* HikeView.swift in Sources */ = {isa = PBXBuildFile; fileRef = AFD6758D2BFCA7BA008E9C16 /* HikeView.swift */; };
		AFD675952BFCB382008E9C16 /* CategoryHome.swift in Sources */ = {isa = PBXBuildFile; fileRef = AFD675942BFCB382008E9C16 /* CategoryHome.swift */; };
		AFD675972BFCB568008E9C16 /* CategoryRow.swift in Sources */ = {isa = PBXBuildFile; fileRef = AFD675962BFCB568008E9C16 /* CategoryRow.swift */; };
		AFD675992BFCB688008E9C16 /* CategoryItem.swift in Sources */ = {isa = PBXBuildFile; fileRef = AFD675982BFCB688008E9C16 /* CategoryItem.swift */; };
		AFD6759B2BFD8962008E9C16 /* Profile.swift in Sources */ = {isa = PBXBuildFile; fileRef = AFD6759A2BFD8962008E9C16 /* Profile.swift */; };
		AFD6759E2BFD8A3F008E9C16 /* ProfileHost.swift in Sources */ = {isa = PBXBuildFile; fileRef = AFD6759D2BFD8A3F008E9C16 /* ProfileHost.swift */; };
		AFD675A02BFD8AE0008E9C16 /* ProfileSummary.swift in Sources */ = {isa = PBXBuildFile; fileRef = AFD6759F2BFD8AE0008E9C16 /* ProfileSummary.swift */; };
		AFD675A22BFD8C24008E9C16 /* HikeBadge.swift in Sources */ = {isa = PBXBuildFile; fileRef = AFD675A12BFD8C24008E9C16 /* HikeBadge.swift */; };
		AFD675A42BFD9395008E9C16 /* ProfileEditor.swift in Sources */ = {isa = PBXBuildFile; fileRef = AFD675A32BFD9395008E9C16 /* ProfileEditor.swift */; };
		AFD675A72BFD9EBC008E9C16 /* PageViewController.swift in Sources */ = {isa = PBXBuildFile; fileRef = AFD675A62BFD9EBC008E9C16 /* PageViewController.swift */; };
		AFD675A92BFDA19A008E9C16 /* FeatureCard.swift in Sources */ = {isa = PBXBuildFile; fileRef = AFD675A82BFDA19A008E9C16 /* FeatureCard.swift */; };
		AFD675AB2BFDA2CF008E9C16 /* PageView.swift in Sources */ = {isa = PBXBuildFile; fileRef = AFD675AA2BFDA2CF008E9C16 /* PageView.swift */; };
		AFD675AD2BFDC489008E9C16 /* PageControl.swift in Sources */ = {isa = PBXBuildFile; fileRef = AFD675AC2BFDC489008E9C16 /* PageControl.swift */; };
		AFFEDFB72BFB656D0046DE5F /* FavoriteButton.swift in Sources */ = {isa = PBXBuildFile; fileRef = AFFEDFB62BFB656D0046DE5F /* FavoriteButton.swift */; };
/* End PBXBuildFile section */

/* Begin PBXFileReference section */
		AF0D7B632BFC98EE004F8B72 /* HexagonParameters.swift */ = {isa = PBXFileReference; lastKnownFileType = sourcecode.swift; path = HexagonParameters.swift; sourceTree = "<group>"; };
		AF0D7B652BFC9A8E004F8B72 /* BadgeBackground.swift */ = {isa = PBXFileReference; lastKnownFileType = sourcecode.swift; path = BadgeBackground.swift; sourceTree = "<group>"; };
		AF0D7B692BFCA01A004F8B72 /* RotatedBadgeSymbol.swift */ = {isa = PBXFileReference; lastKnownFileType = sourcecode.swift; path = RotatedBadgeSymbol.swift; sourceTree = "<group>"; };
		AF0D7B6B2BFCA0A7004F8B72 /* Badge.swift */ = {isa = PBXFileReference; lastKnownFileType = sourcecode.swift; path = Badge.swift; sourceTree = "<group>"; };
		AF280AEF2BF7430D00817EBD /* SwiftUIDemo.app */ = {isa = PBXFileReference; explicitFileType = wrapper.application; includeInIndex = 0; path = SwiftUIDemo.app; sourceTree = BUILT_PRODUCTS_DIR; };
		AF280AF22BF7430D00817EBD /* SwiftUIDemoApp.swift */ = {isa = PBXFileReference; lastKnownFileType = sourcecode.swift; path = SwiftUIDemoApp.swift; sourceTree = "<group>"; };
		AF280AF42BF7430D00817EBD /* ContentView.swift */ = {isa = PBXFileReference; lastKnownFileType = sourcecode.swift; path = ContentView.swift; sourceTree = "<group>"; };
		AF280AF62BF7430F00817EBD /* Assets.xcassets */ = {isa = PBXFileReference; lastKnownFileType = folder.assetcatalog; path = Assets.xcassets; sourceTree = "<group>"; };
		AF280AF92BF7430F00817EBD /* Preview Assets.xcassets */ = {isa = PBXFileReference; lastKnownFileType = folder.assetcatalog; path = "Preview Assets.xcassets"; sourceTree = "<group>"; };
		AF8619172BFA0DB000EBC48C /* Info.plist */ = {isa = PBXFileReference; lastKnownFileType = text.plist.xml; path = Info.plist; sourceTree = "<group>"; };
		AF86191A2BFB031700EBC48C /* CircleImageView.swift */ = {isa = PBXFileReference; lastKnownFileType = sourcecode.swift; path = CircleImageView.swift; sourceTree = "<group>"; };
		AF86191C2BFB19EA00EBC48C /* MapView.swift */ = {isa = PBXFileReference; lastKnownFileType = sourcecode.swift; path = MapView.swift; sourceTree = "<group>"; };
		AF86191E2BFB25FA00EBC48C /* HomeContentView.swift */ = {isa = PBXFileReference; lastKnownFileType = sourcecode.swift; path = HomeContentView.swift; sourceTree = "<group>"; };
		AF8619202BFB2CA800EBC48C /* landmarkData.json */ = {isa = PBXFileReference; fileEncoding = 4; lastKnownFileType = text.json; path = landmarkData.json; sourceTree = "<group>"; };
		AF8619222BFB2DA600EBC48C /* Landmark.swift */ = {isa = PBXFileReference; lastKnownFileType = sourcecode.swift; path = Landmark.swift; sourceTree = "<group>"; };
		AF8619242BFB343000EBC48C /* ModelData.swift */ = {isa = PBXFileReference; lastKnownFileType = sourcecode.swift; path = ModelData.swift; sourceTree = "<group>"; };
		AF8619292BFB365700EBC48C /* LandmarkRow.swift */ = {isa = PBXFileReference; lastKnownFileType = sourcecode.swift; path = LandmarkRow.swift; sourceTree = "<group>"; };
		AF86192B2BFB382C00EBC48C /* LandmarkList.swift */ = {isa = PBXFileReference; lastKnownFileType = sourcecode.swift; path = LandmarkList.swift; sourceTree = "<group>"; };
		AF86192D2BFB3B3600EBC48C /* LandmarkDetail.swift */ = {isa = PBXFileReference; lastKnownFileType = sourcecode.swift; path = LandmarkDetail.swift; sourceTree = "<group>"; };
		AFD675842BFCA341008E9C16 /* BadgeSymbol.swift */ = {isa = PBXFileReference; lastKnownFileType = sourcecode.swift; path = BadgeSymbol.swift; sourceTree = "<group>"; };
		AFD675862BFCA4D2008E9C16 /* hikeData.json */ = {isa = PBXFileReference; fileEncoding = 4; lastKnownFileType = text.json; path = hikeData.json; sourceTree = "<group>"; };
		AFD675882BFCA513008E9C16 /* Hike.swift */ = {isa = PBXFileReference; lastKnownFileType = sourcecode.swift; path = Hike.swift; sourceTree = "<group>"; };
		AFD6758A2BFCA7BA008E9C16 /* GraphCapsule.swift */ = {isa = PBXFileReference; fileEncoding = 4; lastKnownFileType = sourcecode.swift; path = GraphCapsule.swift; sourceTree = "<group>"; };
		AFD6758B2BFCA7BA008E9C16 /* HikeDetail.swift */ = {isa = PBXFileReference; fileEncoding = 4; lastKnownFileType = sourcecode.swift; path = HikeDetail.swift; sourceTree = "<group>"; };
		AFD6758C2BFCA7BA008E9C16 /* HikeGraph.swift */ = {isa = PBXFileReference; fileEncoding = 4; lastKnownFileType = sourcecode.swift; path = HikeGraph.swift; sourceTree = "<group>"; };
		AFD6758D2BFCA7BA008E9C16 /* HikeView.swift */ = {isa = PBXFileReference; fileEncoding = 4; lastKnownFileType = sourcecode.swift; path = HikeView.swift; sourceTree = "<group>"; };
		AFD675942BFCB382008E9C16 /* CategoryHome.swift */ = {isa = PBXFileReference; lastKnownFileType = sourcecode.swift; path = CategoryHome.swift; sourceTree = "<group>"; };
		AFD675962BFCB568008E9C16 /* CategoryRow.swift */ = {isa = PBXFileReference; lastKnownFileType = sourcecode.swift; path = CategoryRow.swift; sourceTree = "<group>"; };
		AFD675982BFCB688008E9C16 /* CategoryItem.swift */ = {isa = PBXFileReference; lastKnownFileType = sourcecode.swift; path = CategoryItem.swift; sourceTree = "<group>"; };
		AFD6759A2BFD8962008E9C16 /* Profile.swift */ = {isa = PBXFileReference; lastKnownFileType = sourcecode.swift; path = Profile.swift; sourceTree = "<group>"; };
		AFD6759D2BFD8A3F008E9C16 /* ProfileHost.swift */ = {isa = PBXFileReference; lastKnownFileType = sourcecode.swift; path = ProfileHost.swift; sourceTree = "<group>"; };
		AFD6759F2BFD8AE0008E9C16 /* ProfileSummary.swift */ = {isa = PBXFileReference; lastKnownFileType = sourcecode.swift; path = ProfileSummary.swift; sourceTree = "<group>"; };
		AFD675A12BFD8C24008E9C16 /* HikeBadge.swift */ = {isa = PBXFileReference; lastKnownFileType = sourcecode.swift; path = HikeBadge.swift; sourceTree = "<group>"; };
		AFD675A32BFD9395008E9C16 /* ProfileEditor.swift */ = {isa = PBXFileReference; lastKnownFileType = sourcecode.swift; path = ProfileEditor.swift; sourceTree = "<group>"; };
		AFD675A62BFD9EBC008E9C16 /* PageViewController.swift */ = {isa = PBXFileReference; lastKnownFileType = sourcecode.swift; path = PageViewController.swift; sourceTree = "<group>"; };
		AFD675A82BFDA19A008E9C16 /* FeatureCard.swift */ = {isa = PBXFileReference; lastKnownFileType = sourcecode.swift; path = FeatureCard.swift; sourceTree = "<group>"; };
		AFD675AA2BFDA2CF008E9C16 /* PageView.swift */ = {isa = PBXFileReference; lastKnownFileType = sourcecode.swift; path = PageView.swift; sourceTree = "<group>"; };
		AFD675AC2BFDC489008E9C16 /* PageControl.swift */ = {isa = PBXFileReference; lastKnownFileType = sourcecode.swift; path = PageControl.swift; sourceTree = "<group>"; };
		AFFEDFB62BFB656D0046DE5F /* FavoriteButton.swift */ = {isa = PBXFileReference; lastKnownFileType = sourcecode.swift; path = FavoriteButton.swift; sourceTree = "<group>"; };
/* End PBXFileReference section */

/* Begin PBXFrameworksBuildPhase section */
		AF280AEC2BF7430D00817EBD /* Frameworks */ = {
			isa = PBXFrameworksBuildPhase;
			buildActionMask = 2147483647;
			files = (
			);
			runOnlyForDeploymentPostprocessing = 0;
		};
/* End PBXFrameworksBuildPhase section */

/* Begin PBXGroup section */
		AF0D7B612BFC7E9F004F8B72 /* Helpers */ = {
			isa = PBXGroup;
			children = (
				AFFEDFB62BFB656D0046DE5F /* FavoriteButton.swift */,
				AF86191A2BFB031700EBC48C /* CircleImageView.swift */,
				AF86191C2BFB19EA00EBC48C /* MapView.swift */,
			);
			path = Helpers;
			sourceTree = "<group>";
		};
		AF0D7B622BFC7EF5004F8B72 /* Landmarks */ = {
			isa = PBXGroup;
			children = (
				AF8619292BFB365700EBC48C /* LandmarkRow.swift */,
				AF86192B2BFB382C00EBC48C /* LandmarkList.swift */,
				AF86192D2BFB3B3600EBC48C /* LandmarkDetail.swift */,
			);
			path = Landmarks;
			sourceTree = "<group>";
		};
		AF0D7B6D2BFCA221004F8B72 /* Badges */ = {
			isa = PBXGroup;
			children = (
				AF0D7B692BFCA01A004F8B72 /* RotatedBadgeSymbol.swift */,
				AF0D7B6B2BFCA0A7004F8B72 /* Badge.swift */,
				AF0D7B632BFC98EE004F8B72 /* HexagonParameters.swift */,
				AF0D7B652BFC9A8E004F8B72 /* BadgeBackground.swift */,
				AFD675842BFCA341008E9C16 /* BadgeSymbol.swift */,
			);
			path = Badges;
			sourceTree = "<group>";
		};
		AF280AE62BF7430D00817EBD = {
			isa = PBXGroup;
			children = (
				AF280AF12BF7430D00817EBD /* SwiftUIDemo */,
				AF280AF02BF7430D00817EBD /* Products */,
			);
			sourceTree = "<group>";
		};
		AF280AF02BF7430D00817EBD /* Products */ = {
			isa = PBXGroup;
			children = (
				AF280AEF2BF7430D00817EBD /* SwiftUIDemo.app */,
			);
			name = Products;
			sourceTree = "<group>";
		};
		AF280AF12BF7430D00817EBD /* SwiftUIDemo */ = {
			isa = PBXGroup;
			children = (
				AF280AF22BF7430D00817EBD /* SwiftUIDemoApp.swift */,
				AFD675932BFCB27B008E9C16 /* Categories */,
				AF8619272BFB35BE00EBC48C /* Model */,
				AF8619262BFB359A00EBC48C /* Views */,
				AF8619282BFB35D100EBC48C /* Resources */,
				AF280AF82BF7430F00817EBD /* Preview Content */,
				AF8619172BFA0DB000EBC48C /* Info.plist */,
				AF280AF62BF7430F00817EBD /* Assets.xcassets */,
			);
			path = SwiftUIDemo;
			sourceTree = "<group>";
		};
		AF280AF82BF7430F00817EBD /* Preview Content */ = {
			isa = PBXGroup;
			children = (
				AF280AF92BF7430F00817EBD /* Preview Assets.xcassets */,
			);
			path = "Preview Content";
			sourceTree = "<group>";
		};
		AF8619262BFB359A00EBC48C /* Views */ = {
			isa = PBXGroup;
			children = (
				AFD675A52BFD9E4D008E9C16 /* PageView */,
				AFD6759C2BFD8A1F008E9C16 /* Profiles */,
				AFD6758E2BFCA7BA008E9C16 /* Hikes */,
				AF0D7B6D2BFCA221004F8B72 /* Badges */,
				AF280AF42BF7430D00817EBD /* ContentView.swift */,
				AF86191E2BFB25FA00EBC48C /* HomeContentView.swift */,
				AF0D7B612BFC7E9F004F8B72 /* Helpers */,
				AF0D7B622BFC7EF5004F8B72 /* Landmarks */,
			);
			path = Views;
			sourceTree = "<group>";
		};
		AF8619272BFB35BE00EBC48C /* Model */ = {
			isa = PBXGroup;
			children = (
				AF8619222BFB2DA600EBC48C /* Landmark.swift */,
				AF8619242BFB343000EBC48C /* ModelData.swift */,
				AFD675882BFCA513008E9C16 /* Hike.swift */,
				AFD6759A2BFD8962008E9C16 /* Profile.swift */,
			);
			path = Model;
			sourceTree = "<group>";
		};
		AF8619282BFB35D100EBC48C /* Resources */ = {
			isa = PBXGroup;
			children = (
				AFD675862BFCA4D2008E9C16 /* hikeData.json */,
				AF8619202BFB2CA800EBC48C /* landmarkData.json */,
			);
			path = Resources;
			sourceTree = "<group>";
		};
		AFD6758E2BFCA7BA008E9C16 /* Hikes */ = {
			isa = PBXGroup;
			children = (
				AFD6758A2BFCA7BA008E9C16 /* GraphCapsule.swift */,
				AFD6758B2BFCA7BA008E9C16 /* HikeDetail.swift */,
				AFD6758C2BFCA7BA008E9C16 /* HikeGraph.swift */,
				AFD6758D2BFCA7BA008E9C16 /* HikeView.swift */,
				AFD675A12BFD8C24008E9C16 /* HikeBadge.swift */,
			);
			path = Hikes;
			sourceTree = "<group>";
		};
		AFD675932BFCB27B008E9C16 /* Categories */ = {
			isa = PBXGroup;
			children = (
				AFD675942BFCB382008E9C16 /* CategoryHome.swift */,
				AFD675962BFCB568008E9C16 /* CategoryRow.swift */,
				AFD675982BFCB688008E9C16 /* CategoryItem.swift */,
			);
			path = Categories;
			sourceTree = "<group>";
		};
		AFD6759C2BFD8A1F008E9C16 /* Profiles */ = {
			isa = PBXGroup;
			children = (
				AFD6759D2BFD8A3F008E9C16 /* ProfileHost.swift */,
				AFD6759F2BFD8AE0008E9C16 /* ProfileSummary.swift */,
				AFD675A32BFD9395008E9C16 /* ProfileEditor.swift */,
			);
			path = Profiles;
			sourceTree = "<group>";
		};
		AFD675A52BFD9E4D008E9C16 /* PageView */ = {
			isa = PBXGroup;
			children = (
				AFD675A62BFD9EBC008E9C16 /* PageViewController.swift */,
				AFD675A82BFDA19A008E9C16 /* FeatureCard.swift */,
				AFD675AA2BFDA2CF008E9C16 /* PageView.swift */,
				AFD675AC2BFDC489008E9C16 /* PageControl.swift */,
			);
			path = PageView;
			sourceTree = "<group>";
		};
/* End PBXGroup section */

/* Begin PBXNativeTarget section */
		AF280AEE2BF7430D00817EBD /* SwiftUIDemo */ = {
			isa = PBXNativeTarget;
			buildConfigurationList = AF280AFD2BF7430F00817EBD /* Build configuration list for PBXNativeTarget "SwiftUIDemo" */;
			buildPhases = (
				AF280AEB2BF7430D00817EBD /* Sources */,
				AF280AEC2BF7430D00817EBD /* Frameworks */,
				AF280AED2BF7430D00817EBD /* Resources */,
			);
			buildRules = (
			);
			dependencies = (
			);
			name = SwiftUIDemo;
			productName = SwiftUIDemo;
			productReference = AF280AEF2BF7430D00817EBD /* SwiftUIDemo.app */;
			productType = "com.apple.product-type.application";
		};
/* End PBXNativeTarget section */

/* Begin PBXProject section */
		AF280AE72BF7430D00817EBD /* Project object */ = {
			isa = PBXProject;
			attributes = {
				BuildIndependentTargetsInParallel = 1;
				LastSwiftUpdateCheck = 1420;
				LastUpgradeCheck = 1420;
				TargetAttributes = {
					AF280AEE2BF7430D00817EBD = {
						CreatedOnToolsVersion = 14.2;
					};
				};
			};
			buildConfigurationList = AF280AEA2BF7430D00817EBD /* Build configuration list for PBXProject "SwiftUIDemo" */;
			compatibilityVersion = "Xcode 14.0";
			developmentRegion = en;
			hasScannedForEncodings = 0;
			knownRegions = (
				en,
				Base,
			);
			mainGroup = AF280AE62BF7430D00817EBD;
			productRefGroup = AF280AF02BF7430D00817EBD /* Products */;
			projectDirPath = "";
			projectRoot = "";
			targets = (
				AF280AEE2BF7430D00817EBD /* SwiftUIDemo */,
			);
		};
/* End PBXProject section */

/* Begin PBXResourcesBuildPhase section */
		AF280AED2BF7430D00817EBD /* Resources */ = {
			isa = PBXResourcesBuildPhase;
			buildActionMask = 2147483647;
			files = (
				AFD675872BFCA4D2008E9C16 /* hikeData.json in Resources */,
				AF280AFA2BF7430F00817EBD /* Preview Assets.xcassets in Resources */,
				AF280AF72BF7430F00817EBD /* Assets.xcassets in Resources */,
				AF8619212BFB2CA800EBC48C /* landmarkData.json in Resources */,
			);
			runOnlyForDeploymentPostprocessing = 0;
		};
/* End PBXResourcesBuildPhase section */

/* Begin PBXSourcesBuildPhase section */
		AF280AEB2BF7430D00817EBD /* Sources */ = {
			isa = PBXSourcesBuildPhase;
			buildActionMask = 2147483647;
			files = (
				AFD675892BFCA513008E9C16 /* Hike.swift in Sources */,
				AFD675AB2BFDA2CF008E9C16 /* PageView.swift in Sources */,
				AF0D7B642BFC98EE004F8B72 /* HexagonParameters.swift in Sources */,
				AF86191B2BFB031700EBC48C /* CircleImageView.swift in Sources */,
				AF86191D2BFB19EA00EBC48C /* MapView.swift in Sources */,
				AFD675952BFCB382008E9C16 /* CategoryHome.swift in Sources */,
				AFD6759E2BFD8A3F008E9C16 /* ProfileHost.swift in Sources */,
				AFD675A22BFD8C24008E9C16 /* HikeBadge.swift in Sources */,
				AFD675AD2BFDC489008E9C16 /* PageControl.swift in Sources */,
				AF86191F2BFB25FA00EBC48C /* HomeContentView.swift in Sources */,
				AFD675972BFCB568008E9C16 /* CategoryRow.swift in Sources */,
				AF280AF52BF7430D00817EBD /* ContentView.swift in Sources */,
				AFD675A92BFDA19A008E9C16 /* FeatureCard.swift in Sources */,
				AF86192C2BFB382C00EBC48C /* LandmarkList.swift in Sources */,
				AFD675902BFCA7BA008E9C16 /* HikeDetail.swift in Sources */,
				AFD675A02BFD8AE0008E9C16 /* ProfileSummary.swift in Sources */,
				AFD675A42BFD9395008E9C16 /* ProfileEditor.swift in Sources */,
				AFD675992BFCB688008E9C16 /* CategoryItem.swift in Sources */,
				AF280AF32BF7430D00817EBD /* SwiftUIDemoApp.swift in Sources */,
				AFD675852BFCA342008E9C16 /* BadgeSymbol.swift in Sources */,
				AF0D7B6A2BFCA01A004F8B72 /* RotatedBadgeSymbol.swift in Sources */,
				AF0D7B6C2BFCA0A7004F8B72 /* Badge.swift in Sources */,
				AF8619232BFB2DA600EBC48C /* Landmark.swift in Sources */,
				AFD6759B2BFD8962008E9C16 /* Profile.swift in Sources */,
				AFD675A72BFD9EBC008E9C16 /* PageViewController.swift in Sources */,
				AFD675912BFCA7BA008E9C16 /* HikeGraph.swift in Sources */,
				AF0D7B662BFC9A8E004F8B72 /* BadgeBackground.swift in Sources */,
				AF86192A2BFB365700EBC48C /* LandmarkRow.swift in Sources */,
				AFD675922BFCA7BA008E9C16 /* HikeView.swift in Sources */,
				AFD6758F2BFCA7BA008E9C16 /* GraphCapsule.swift in Sources */,
				AF86192E2BFB3B3600EBC48C /* LandmarkDetail.swift in Sources */,
				AFFEDFB72BFB656D0046DE5F /* FavoriteButton.swift in Sources */,
				AF8619252BFB343000EBC48C /* ModelData.swift in Sources */,
			);
			runOnlyForDeploymentPostprocessing = 0;
		};
/* End PBXSourcesBuildPhase section */

/* Begin XCBuildConfiguration section */
		AF280AFB2BF7430F00817EBD /* Debug */ = {
			isa = XCBuildConfiguration;
			buildSettings = {
				ALWAYS_SEARCH_USER_PATHS = NO;
				CLANG_ANALYZER_NONNULL = YES;
				CLANG_ANALYZER_NUMBER_OBJECT_CONVERSION = YES_AGGRESSIVE;
				CLANG_CXX_LANGUAGE_STANDARD = "gnu++20";
				CLANG_ENABLE_MODULES = YES;
				CLANG_ENABLE_OBJC_ARC = YES;
				CLANG_ENABLE_OBJC_WEAK = YES;
				CLANG_WARN_BLOCK_CAPTURE_AUTORELEASING = YES;
				CLANG_WARN_BOOL_CONVERSION = YES;
				CLANG_WARN_COMMA = YES;
				CLANG_WARN_CONSTANT_CONVERSION = YES;
				CLANG_WARN_DEPRECATED_OBJC_IMPLEMENTATIONS = YES;
				CLANG_WARN_DIRECT_OBJC_ISA_USAGE = YES_ERROR;
				CLANG_WARN_DOCUMENTATION_COMMENTS = YES;
				CLANG_WARN_EMPTY_BODY = YES;
				CLANG_WARN_ENUM_CONVERSION = YES;
				CLANG_WARN_INFINITE_RECURSION = YES;
				CLANG_WARN_INT_CONVERSION = YES;
				CLANG_WARN_NON_LITERAL_NULL_CONVERSION = YES;
				CLANG_WARN_OBJC_IMPLICIT_RETAIN_SELF = YES;
				CLANG_WARN_OBJC_LITERAL_CONVERSION = YES;
				CLANG_WARN_OBJC_ROOT_CLASS = YES_ERROR;
				CLANG_WARN_QUOTED_INCLUDE_IN_FRAMEWORK_HEADER = YES;
				CLANG_WARN_RANGE_LOOP_ANALYSIS = YES;
				CLANG_WARN_STRICT_PROTOTYPES = YES;
				CLANG_WARN_SUSPICIOUS_MOVE = YES;
				CLANG_WARN_UNGUARDED_AVAILABILITY = YES_AGGRESSIVE;
				CLANG_WARN_UNREACHABLE_CODE = YES;
				CLANG_WARN__DUPLICATE_METHOD_MATCH = YES;
				COPY_PHASE_STRIP = NO;
				DEBUG_INFORMATION_FORMAT = dwarf;
				ENABLE_STRICT_OBJC_MSGSEND = YES;
				ENABLE_TESTABILITY = YES;
				GCC_C_LANGUAGE_STANDARD = gnu11;
				GCC_DYNAMIC_NO_PIC = NO;
				GCC_NO_COMMON_BLOCKS = YES;
				GCC_OPTIMIZATION_LEVEL = 0;
				GCC_PREPROCESSOR_DEFINITIONS = (
					"DEBUG=1",
					"$(inherited)",
				);
				GCC_WARN_64_TO_32_BIT_CONVERSION = YES;
				GCC_WARN_ABOUT_RETURN_TYPE = YES_ERROR;
				GCC_WARN_UNDECLARED_SELECTOR = YES;
				GCC_WARN_UNINITIALIZED_AUTOS = YES_AGGRESSIVE;
				GCC_WARN_UNUSED_FUNCTION = YES;
				GCC_WARN_UNUSED_VARIABLE = YES;
				IPHONEOS_DEPLOYMENT_TARGET = 16.2;
				MTL_ENABLE_DEBUG_INFO = INCLUDE_SOURCE;
				MTL_FAST_MATH = YES;
				ONLY_ACTIVE_ARCH = YES;
				SDKROOT = iphoneos;
				SWIFT_ACTIVE_COMPILATION_CONDITIONS = DEBUG;
				SWIFT_OPTIMIZATION_LEVEL = "-Onone";
			};
			name = Debug;
		};
		AF280AFC2BF7430F00817EBD /* Release */ = {
			isa = XCBuildConfiguration;
			buildSettings = {
				ALWAYS_SEARCH_USER_PATHS = NO;
				CLANG_ANALYZER_NONNULL = YES;
				CLANG_ANALYZER_NUMBER_OBJECT_CONVERSION = YES_AGGRESSIVE;
				CLANG_CXX_LANGUAGE_STANDARD = "gnu++20";
				CLANG_ENABLE_MODULES = YES;
				CLANG_ENABLE_OBJC_ARC = YES;
				CLANG_ENABLE_OBJC_WEAK = YES;
				CLANG_WARN_BLOCK_CAPTURE_AUTORELEASING = YES;
				CLANG_WARN_BOOL_CONVERSION = YES;
				CLANG_WARN_COMMA = YES;
				CLANG_WARN_CONSTANT_CONVERSION = YES;
				CLANG_WARN_DEPRECATED_OBJC_IMPLEMENTATIONS = YES;
				CLANG_WARN_DIRECT_OBJC_ISA_USAGE = YES_ERROR;
				CLANG_WARN_DOCUMENTATION_COMMENTS = YES;
				CLANG_WARN_EMPTY_BODY = YES;
				CLANG_WARN_ENUM_CONVERSION = YES;
				CLANG_WARN_INFINITE_RECURSION = YES;
				CLANG_WARN_INT_CONVERSION = YES;
				CLANG_WARN_NON_LITERAL_NULL_CONVERSION = YES;
				CLANG_WARN_OBJC_IMPLICIT_RETAIN_SELF = YES;
				CLANG_WARN_OBJC_LITERAL_CONVERSION = YES;
				CLANG_WARN_OBJC_ROOT_CLASS = YES_ERROR;
				CLANG_WARN_QUOTED_INCLUDE_IN_FRAMEWORK_HEADER = YES;
				CLANG_WARN_RANGE_LOOP_ANALYSIS = YES;
				CLANG_WARN_STRICT_PROTOTYPES = YES;
				CLANG_WARN_SUSPICIOUS_MOVE = YES;
				CLANG_WARN_UNGUARDED_AVAILABILITY = YES_AGGRESSIVE;
				CLANG_WARN_UNREACHABLE_CODE = YES;
				CLANG_WARN__DUPLICATE_METHOD_MATCH = YES;
				COPY_PHASE_STRIP = NO;
				DEBUG_INFORMATION_FORMAT = "dwarf-with-dsym";
				ENABLE_NS_ASSERTIONS = NO;
				ENABLE_STRICT_OBJC_MSGSEND = YES;
				GCC_C_LANGUAGE_STANDARD = gnu11;
				GCC_NO_COMMON_BLOCKS = YES;
				GCC_WARN_64_TO_32_BIT_CONVERSION = YES;
				GCC_WARN_ABOUT_RETURN_TYPE = YES_ERROR;
				GCC_WARN_UNDECLARED_SELECTOR = YES;
				GCC_WARN_UNINITIALIZED_AUTOS = YES_AGGRESSIVE;
				GCC_WARN_UNUSED_FUNCTION = YES;
				GCC_WARN_UNUSED_VARIABLE = YES;
				IPHONEOS_DEPLOYMENT_TARGET = 16.2;
				MTL_ENABLE_DEBUG_INFO = NO;
				MTL_FAST_MATH = YES;
				SDKROOT = iphoneos;
				SWIFT_COMPILATION_MODE = wholemodule;
				SWIFT_OPTIMIZATION_LEVEL = "-O";
				VALIDATE_PRODUCT = YES;
			};
			name = Release;
		};
		AF280AFE2BF7430F00817EBD /* Debug */ = {
			isa = XCBuildConfiguration;
			buildSettings = {
				ASSETCATALOG_COMPILER_APPICON_NAME = AppIcon;
				ASSETCATALOG_COMPILER_GLOBAL_ACCENT_COLOR_NAME = AccentColor;
				CODE_SIGN_STYLE = Manual;
				CURRENT_PROJECT_VERSION = 1;
				DEVELOPMENT_ASSET_PATHS = "\"SwiftUIDemo/Preview Content\"";
				DEVELOPMENT_TEAM = "";
				ENABLE_PREVIEWS = YES;
				GENERATE_INFOPLIST_FILE = YES;
				INFOPLIST_FILE = SwiftUIDemo/Info.plist;
				INFOPLIST_KEY_UIApplicationSceneManifest_Generation = YES;
				INFOPLIST_KEY_UIApplicationSupportsIndirectInputEvents = YES;
				INFOPLIST_KEY_UISupportedInterfaceOrientations_iPad = "UIInterfaceOrientationPortrait UIInterfaceOrientationPortraitUpsideDown UIInterfaceOrientationLandscapeLeft UIInterfaceOrientationLandscapeRight";
				INFOPLIST_KEY_UISupportedInterfaceOrientations_iPhone = "UIInterfaceOrientationPortrait UIInterfaceOrientationLandscapeLeft UIInterfaceOrientationLandscapeRight";
				IPHONEOS_DEPLOYMENT_TARGET = 17.0;
				LD_RUNPATH_SEARCH_PATHS = (
					"$(inherited)",
					"@executable_path/Frameworks",
				);
				MARKETING_VERSION = 1.0;
				PRODUCT_BUNDLE_IDENTIFIER = com.fqy.SwiftUIDemo;
				PRODUCT_NAME = "$(TARGET_NAME)";
				PROVISIONING_PROFILE_SPECIFIER = "";
				SWIFT_EMIT_LOC_STRINGS = YES;
				SWIFT_VERSION = 5.0;
				TARGETED_DEVICE_FAMILY = "1,2";
			};
			name = Debug;
		};
		AF280AFF2BF7430F00817EBD /* Release */ = {
			isa = XCBuildConfiguration;
			buildSettings = {
				ASSETCATALOG_COMPILER_APPICON_NAME = AppIcon;
				ASSETCATALOG_COMPILER_GLOBAL_ACCENT_COLOR_NAME = AccentColor;
				CODE_SIGN_STYLE = Manual;
				CURRENT_PROJECT_VERSION = 1;
				DEVELOPMENT_ASSET_PATHS = "\"SwiftUIDemo/Preview Content\"";
				DEVELOPMENT_TEAM = "";
				ENABLE_PREVIEWS = YES;
				GENERATE_INFOPLIST_FILE = YES;
				INFOPLIST_FILE = SwiftUIDemo/Info.plist;
				INFOPLIST_KEY_UIApplicationSceneManifest_Generation = YES;
				INFOPLIST_KEY_UIApplicationSupportsIndirectInputEvents = YES;
				INFOPLIST_KEY_UISupportedInterfaceOrientations_iPad = "UIInterfaceOrientationPortrait UIInterfaceOrientationPortraitUpsideDown UIInterfaceOrientationLandscapeLeft UIInterfaceOrientationLandscapeRight";
				INFOPLIST_KEY_UISupportedInterfaceOrientations_iPhone = "UIInterfaceOrientationPortrait UIInterfaceOrientationLandscapeLeft UIInterfaceOrientationLandscapeRight";
				IPHONEOS_DEPLOYMENT_TARGET = 17.0;
				LD_RUNPATH_SEARCH_PATHS = (
					"$(inherited)",
					"@executable_path/Frameworks",
				);
				MARKETING_VERSION = 1.0;
				PRODUCT_BUNDLE_IDENTIFIER = com.fqy.SwiftUIDemo;
				PRODUCT_NAME = "$(TARGET_NAME)";
				PROVISIONING_PROFILE_SPECIFIER = "";
				SWIFT_EMIT_LOC_STRINGS = YES;
				SWIFT_VERSION = 5.0;
				TARGETED_DEVICE_FAMILY = "1,2";
			};
			name = Release;
		};
/* End XCBuildConfiguration section */

/* Begin XCConfigurationList section */
		AF280AEA2BF7430D00817EBD /* Build configuration list for PBXProject "SwiftUIDemo" */ = {
			isa = XCConfigurationList;
			buildConfigurations = (
				AF280AFB2BF7430F00817EBD /* Debug */,
				AF280AFC2BF7430F00817EBD /* Release */,
			);
			defaultConfigurationIsVisible = 0;
			defaultConfigurationName = Release;
		};
		AF280AFD2BF7430F00817EBD /* Build configuration list for PBXNativeTarget "SwiftUIDemo" */ = {
			isa = XCConfigurationList;
			buildConfigurations = (
				AF280AFE2BF7430F00817EBD /* Debug */,
				AF280AFF2BF7430F00817EBD /* Release */,
			);
			defaultConfigurationIsVisible = 0;
			defaultConfigurationName = Release;
		};
/* End XCConfigurationList section */
	};
	rootObject = AF280AE72BF7430D00817EBD /* Project object */;
}
