// !$*UTF8*$!
{
	archiveVersion = 1;
	classes = {
	};
	objectVersion = 56;
	objects = {

/* Begin PBXBuildFile section */
		AF280AF32BF7430D00817EBD /* SwiftUIDemoApp.swift in Sources */ = {isa = PBXBuildFile; fileRef = AF280AF22BF7430D00817EBD /* SwiftUIDemoApp.swift */; };
		AF280AF52BF7430D00817EBD /* ContentView.swift in Sources */ = {isa = PBXBuildFile; fileRef = AF280AF42BF7430D00817EBD /* ContentView.swift */; };
		AF280AF72BF7430F00817EBD /* Assets.xcassets in Resources */ = {isa = PBXBuildFile; fileRef = AF280AF62BF7430F00817EBD /* Assets.xcassets */; };
		AF280AFA2BF7430F00817EBD /* Preview Assets.xcassets in Resources */ = {isa = PBXBuildFile; fileRef = AF280AF92BF7430F00817EBD /* Preview Assets.xcassets */; };
		AF86191B2BFB031700EBC48C /* CircleImageView.swift in Sources */ = {isa = PBXBuildFile; fileRef = AF86191A2BFB031700EBC48C /* CircleImageView.swift */; };
		AF86191D2BFB19EA00EBC48C /* MapView.swift in Sources */ = {isa = PBXBuildFile; fileRef = AF86191C2BFB19EA00EBC48C /* MapView.swift */; };
		AF86191F2BFB25FA00EBC48C /* HomeContentView.swift in Sources */ = {isa = PBXBuildFile; fileRef = AF86191E2BFB25FA00EBC48C /* HomeContentView.swift */; };
		AF8619212BFB2CA800EBC48C /* landmarkData.json in Resources */ = {isa = PBXBuildFile; fileRef = AF8619202BFB2CA800EBC48C /* landmarkData.json */; };
		AF8619232BFB2DA600EBC48C /* Landmark.swift in Sources */ = {isa = PBXBuildFile; fileRef = AF8619222BFB2DA600EBC48C /* Landmark.swift */; };
		AF8619252BFB343000EBC48C /* ModelData.swift in Sources */ = {isa = PBXBuildFile; fileRef = AF8619242BFB343000EBC48C /* ModelData.swift */; };
		AF86192A2BFB365700EBC48C /* LandmarkRow.swift in Sources */ = {isa = PBXBuildFile; fileRef = AF8619292BFB365700EBC48C /* LandmarkRow.swift */; };
		AF86192C2BFB382C00EBC48C /* LandmarkList.swift in Sources */ = {isa = PBXBuildFile; fileRef = AF86192B2BFB382C00EBC48C /* LandmarkList.swift */; };
		AF86192E2BFB3B3600EBC48C /* LandmarkDetail.swift in Sources */ = {isa = PBXBuildFile; fileRef = AF86192D2BFB3B3600EBC48C /* LandmarkDetail.swift */; };
/* End PBXBuildFile section */

/* Begin PBXFileReference section */
		AF280AEF2BF7430D00817EBD /* SwiftUIDemo.app */ = {isa = PBXFileReference; explicitFileType = wrapper.application; includeInIndex = 0; path = SwiftUIDemo.app; sourceTree = BUILT_PRODUCTS_DIR; };
		AF280AF22BF7430D00817EBD /* SwiftUIDemoApp.swift */ = {isa = PBXFileReference; lastKnownFileType = sourcecode.swift; path = SwiftUIDemoApp.swift; sourceTree = "<group>"; };
		AF280AF42BF7430D00817EBD /* ContentView.swift */ = {isa = PBXFileReference; lastKnownFileType = sourcecode.swift; path = ContentView.swift; sourceTree = "<group>"; };
		AF280AF62BF7430F00817EBD /* Assets.xcassets */ = {isa = PBXFileReference; lastKnownFileType = folder.assetcatalog; path = Assets.xcassets; sourceTree = "<group>"; };
		AF280AF92BF7430F00817EBD /* Preview Assets.xcassets */ = {isa = PBXFileReference; lastKnownFileType = folder.assetcatalog; path = "Preview Assets.xcassets"; sourceTree = "<group>"; };
		AF8619172BFA0DB000EBC48C /* Info.plist */ = {isa = PBXFileReference; lastKnownFileType = text.plist; path = Info.plist; sourceTree = "<group>"; };
		AF86191A2BFB031700EBC48C /* CircleImageView.swift */ = {isa = PBXFileReference; lastKnownFileType = sourcecode.swift; path = CircleImageView.swift; sourceTree = "<group>"; };
		AF86191C2BFB19EA00EBC48C /* MapView.swift */ = {isa = PBXFileReference; lastKnownFileType = sourcecode.swift; path = MapView.swift; sourceTree = "<group>"; };
		AF86191E2BFB25FA00EBC48C /* HomeContentView.swift */ = {isa = PBXFileReference; lastKnownFileType = sourcecode.swift; path = HomeContentView.swift; sourceTree = "<group>"; };
		AF8619202BFB2CA800EBC48C /* landmarkData.json */ = {isa = PBXFileReference; fileEncoding = 4; lastKnownFileType = text.json; path = landmarkData.json; sourceTree = "<group>"; };
		AF8619222BFB2DA600EBC48C /* Landmark.swift */ = {isa = PBXFileReference; lastKnownFileType = sourcecode.swift; path = Landmark.swift; sourceTree = "<group>"; };
		AF8619242BFB343000EBC48C /* ModelData.swift */ = {isa = PBXFileReference; lastKnownFileType = sourcecode.swift; path = ModelData.swift; sourceTree = "<group>"; };
		AF8619292BFB365700EBC48C /* LandmarkRow.swift */ = {isa = PBXFileReference; lastKnownFileType = sourcecode.swift; path = LandmarkRow.swift; sourceTree = "<group>"; };
		AF86192B2BFB382C00EBC48C /* LandmarkList.swift */ = {isa = PBXFileReference; lastKnownFileType = sourcecode.swift; path = LandmarkList.swift; sourceTree = "<group>"; };
		AF86192D2BFB3B3600EBC48C /* LandmarkDetail.swift */ = {isa = PBXFileReference; lastKnownFileType = sourcecode.swift; path = LandmarkDetail.swift; sourceTree = "<group>"; };
/* End PBXFileReference section */

/* Begin PBXFrameworksBuildPhase section */
		AF280AEC2BF7430D00817EBD /* Frameworks */ = {
			isa = PBXFrameworksBuildPhase;
			buildActionMask = 2147483647;
			files = (
			);
			runOnlyForDeploymentPostprocessing = 0;
		};
/* End PBXFrameworksBuildPhase section */

/* Begin PBXGroup section */
		AF280AE62BF7430D00817EBD = {
			isa = PBXGroup;
			children = (
				AF280AF12BF7430D00817EBD /* SwiftUIDemo */,
				AF280AF02BF7430D00817EBD /* Products */,
			);
			sourceTree = "<group>";
		};
		AF280AF02BF7430D00817EBD /* Products */ = {
			isa = PBXGroup;
			children = (
				AF280AEF2BF7430D00817EBD /* SwiftUIDemo.app */,
			);
			name = Products;
			sourceTree = "<group>";
		};
		AF280AF12BF7430D00817EBD /* SwiftUIDemo */ = {
			isa = PBXGroup;
			children = (
				AF8619172BFA0DB000EBC48C /* Info.plist */,
				AF280AF22BF7430D00817EBD /* SwiftUIDemoApp.swift */,
				AF280AF42BF7430D00817EBD /* ContentView.swift */,
				AF280AF62BF7430F00817EBD /* Assets.xcassets */,
				AF280AF82BF7430F00817EBD /* Preview Content */,
				AF8619262BFB359A00EBC48C /* Views */,
				AF8619272BFB35BE00EBC48C /* Model */,
				AF8619282BFB35D100EBC48C /* Resources */,
			);
			path = SwiftUIDemo;
			sourceTree = "<group>";
		};
		AF280AF82BF7430F00817EBD /* Preview Content */ = {
			isa = PBXGroup;
			children = (
				AF280AF92BF7430F00817EBD /* Preview Assets.xcassets */,
			);
			path = "Preview Content";
			sourceTree = "<group>";
		};
		AF8619262BFB359A00EBC48C /* Views */ = {
			isa = PBXGroup;
			children = (
				AF86191A2BFB031700EBC48C /* CircleImageView.swift */,
				AF86191E2BFB25FA00EBC48C /* HomeContentView.swift */,
				AF8619292BFB365700EBC48C /* LandmarkRow.swift */,
				AF86192B2BFB382C00EBC48C /* LandmarkList.swift */,
				AF86192D2BFB3B3600EBC48C /* LandmarkDetail.swift */,
				AF86191C2BFB19EA00EBC48C /* MapView.swift */,
			);
			path = Views;
			sourceTree = "<group>";
		};
		AF8619272BFB35BE00EBC48C /* Model */ = {
			isa = PBXGroup;
			children = (
				AF8619222BFB2DA600EBC48C /* Landmark.swift */,
				AF8619242BFB343000EBC48C /* ModelData.swift */,
			);
			path = Model;
			sourceTree = "<group>";
		};
		AF8619282BFB35D100EBC48C /* Resources */ = {
			isa = PBXGroup;
			children = (
				AF8619202BFB2CA800EBC48C /* landmarkData.json */,
			);
			path = Resources;
			sourceTree = "<group>";
		};
/* End PBXGroup section */

/* Begin PBXNativeTarget section */
		AF280AEE2BF7430D00817EBD /* SwiftUIDemo */ = {
			isa = PBXNativeTarget;
			buildConfigurationList = AF280AFD2BF7430F00817EBD /* Build configuration list for PBXNativeTarget "SwiftUIDemo" */;
			buildPhases = (
				AF280AEB2BF7430D00817EBD /* Sources */,
				AF280AEC2BF7430D00817EBD /* Frameworks */,
				AF280AED2BF7430D00817EBD /* Resources */,
			);
			buildRules = (
			);
			dependencies = (
			);
			name = SwiftUIDemo;
			productName = SwiftUIDemo;
			productReference = AF280AEF2BF7430D00817EBD /* SwiftUIDemo.app */;
			productType = "com.apple.product-type.application";
		};
/* End PBXNativeTarget section */

/* Begin PBXProject section */
		AF280AE72BF7430D00817EBD /* Project object */ = {
			isa = PBXProject;
			attributes = {
				BuildIndependentTargetsInParallel = 1;
				LastSwiftUpdateCheck = 1420;
				LastUpgradeCheck = 1420;
				TargetAttributes = {
					AF280AEE2BF7430D00817EBD = {
						CreatedOnToolsVersion = 14.2;
					};
				};
			};
			buildConfigurationList = AF280AEA2BF7430D00817EBD /* Build configuration list for PBXProject "SwiftUIDemo" */;
			compatibilityVersion = "Xcode 14.0";
			developmentRegion = en;
			hasScannedForEncodings = 0;
			knownRegions = (
				en,
				Base,
			);
			mainGroup = AF280AE62BF7430D00817EBD;
			productRefGroup = AF280AF02BF7430D00817EBD /* Products */;
			projectDirPath = "";
			projectRoot = "";
			targets = (
				AF280AEE2BF7430D00817EBD /* SwiftUIDemo */,
			);
		};
/* End PBXProject section */

/* Begin PBXResourcesBuildPhase section */
		AF280AED2BF7430D00817EBD /* Resources */ = {
			isa = PBXResourcesBuildPhase;
			buildActionMask = 2147483647;
			files = (
				AF280AFA2BF7430F00817EBD /* Preview Assets.xcassets in Resources */,
				AF280AF72BF7430F00817EBD /* Assets.xcassets in Resources */,
				AF8619212BFB2CA800EBC48C /* landmarkData.json in Resources */,
			);
			runOnlyForDeploymentPostprocessing = 0;
		};
/* End PBXResourcesBuildPhase section */

/* Begin PBXSourcesBuildPhase section */
		AF280AEB2BF7430D00817EBD /* Sources */ = {
			isa = PBXSourcesBuildPhase;
			buildActionMask = 2147483647;
			files = (
				AF86191B2BFB031700EBC48C /* CircleImageView.swift in Sources */,
				AF86191D2BFB19EA00EBC48C /* MapView.swift in Sources */,
				AF86191F2BFB25FA00EBC48C /* HomeContentView.swift in Sources */,
				AF280AF52BF7430D00817EBD /* ContentView.swift in Sources */,
				AF86192C2BFB382C00EBC48C /* LandmarkList.swift in Sources */,
				AF280AF32BF7430D00817EBD /* SwiftUIDemoApp.swift in Sources */,
				AF8619232BFB2DA600EBC48C /* Landmark.swift in Sources */,
				AF86192A2BFB365700EBC48C /* LandmarkRow.swift in Sources */,
				AF86192E2BFB3B3600EBC48C /* LandmarkDetail.swift in Sources */,
				AF8619252BFB343000EBC48C /* ModelData.swift in Sources */,
			);
			runOnlyForDeploymentPostprocessing = 0;
		};
/* End PBXSourcesBuildPhase section */

/* Begin XCBuildConfiguration section */
		AF280AFB2BF7430F00817EBD /* Debug */ = {
			isa = XCBuildConfiguration;
			buildSettings = {
				ALWAYS_SEARCH_USER_PATHS = NO;
				CLANG_ANALYZER_NONNULL = YES;
				CLANG_ANALYZER_NUMBER_OBJECT_CONVERSION = YES_AGGRESSIVE;
				CLANG_CXX_LANGUAGE_STANDARD = "gnu++20";
				CLANG_ENABLE_MODULES = YES;
				CLANG_ENABLE_OBJC_ARC = YES;
				CLANG_ENABLE_OBJC_WEAK = YES;
				CLANG_WARN_BLOCK_CAPTURE_AUTORELEASING = YES;
				CLANG_WARN_BOOL_CONVERSION = YES;
				CLANG_WARN_COMMA = YES;
				CLANG_WARN_CONSTANT_CONVERSION = YES;
				CLANG_WARN_DEPRECATED_OBJC_IMPLEMENTATIONS = YES;
				CLANG_WARN_DIRECT_OBJC_ISA_USAGE = YES_ERROR;
				CLANG_WARN_DOCUMENTATION_COMMENTS = YES;
				CLANG_WARN_EMPTY_BODY = YES;
				CLANG_WARN_ENUM_CONVERSION = YES;
				CLANG_WARN_INFINITE_RECURSION = YES;
				CLANG_WARN_INT_CONVERSION = YES;
				CLANG_WARN_NON_LITERAL_NULL_CONVERSION = YES;
				CLANG_WARN_OBJC_IMPLICIT_RETAIN_SELF = YES;
				CLANG_WARN_OBJC_LITERAL_CONVERSION = YES;
				CLANG_WARN_OBJC_ROOT_CLASS = YES_ERROR;
				CLANG_WARN_QUOTED_INCLUDE_IN_FRAMEWORK_HEADER = YES;
				CLANG_WARN_RANGE_LOOP_ANALYSIS = YES;
				CLANG_WARN_STRICT_PROTOTYPES = YES;
				CLANG_WARN_SUSPICIOUS_MOVE = YES;
				CLANG_WARN_UNGUARDED_AVAILABILITY = YES_AGGRESSIVE;
				CLANG_WARN_UNREACHABLE_CODE = YES;
				CLANG_WARN__DUPLICATE_METHOD_MATCH = YES;
				COPY_PHASE_STRIP = NO;
				DEBUG_INFORMATION_FORMAT = dwarf;
				ENABLE_STRICT_OBJC_MSGSEND = YES;
				ENABLE_TESTABILITY = YES;
				GCC_C_LANGUAGE_STANDARD = gnu11;
				GCC_DYNAMIC_NO_PIC = NO;
				GCC_NO_COMMON_BLOCKS = YES;
				GCC_OPTIMIZATION_LEVEL = 0;
				GCC_PREPROCESSOR_DEFINITIONS = (
					"DEBUG=1",
					"$(inherited)",
				);
				GCC_WARN_64_TO_32_BIT_CONVERSION = YES;
				GCC_WARN_ABOUT_RETURN_TYPE = YES_ERROR;
				GCC_WARN_UNDECLARED_SELECTOR = YES;
				GCC_WARN_UNINITIALIZED_AUTOS = YES_AGGRESSIVE;
				GCC_WARN_UNUSED_FUNCTION = YES;
				GCC_WARN_UNUSED_VARIABLE = YES;
				IPHONEOS_DEPLOYMENT_TARGET = 16.2;
				MTL_ENABLE_DEBUG_INFO = INCLUDE_SOURCE;
				MTL_FAST_MATH = YES;
				ONLY_ACTIVE_ARCH = YES;
				SDKROOT = iphoneos;
				SWIFT_ACTIVE_COMPILATION_CONDITIONS = DEBUG;
				SWIFT_OPTIMIZATION_LEVEL = "-Onone";
			};
			name = Debug;
		};
		AF280AFC2BF7430F00817EBD /* Release */ = {
			isa = XCBuildConfiguration;
			buildSettings = {
				ALWAYS_SEARCH_USER_PATHS = NO;
				CLANG_ANALYZER_NONNULL = YES;
				CLANG_ANALYZER_NUMBER_OBJECT_CONVERSION = YES_AGGRESSIVE;
				CLANG_CXX_LANGUAGE_STANDARD = "gnu++20";
				CLANG_ENABLE_MODULES = YES;
				CLANG_ENABLE_OBJC_ARC = YES;
				CLANG_ENABLE_OBJC_WEAK = YES;
				CLANG_WARN_BLOCK_CAPTURE_AUTORELEASING = YES;
				CLANG_WARN_BOOL_CONVERSION = YES;
				CLANG_WARN_COMMA = YES;
				CLANG_WARN_CONSTANT_CONVERSION = YES;
				CLANG_WARN_DEPRECATED_OBJC_IMPLEMENTATIONS = YES;
				CLANG_WARN_DIRECT_OBJC_ISA_USAGE = YES_ERROR;
				CLANG_WARN_DOCUMENTATION_COMMENTS = YES;
				CLANG_WARN_EMPTY_BODY = YES;
				CLANG_WARN_ENUM_CONVERSION = YES;
				CLANG_WARN_INFINITE_RECURSION = YES;
				CLANG_WARN_INT_CONVERSION = YES;
				CLANG_WARN_NON_LITERAL_NULL_CONVERSION = YES;
				CLANG_WARN_OBJC_IMPLICIT_RETAIN_SELF = YES;
				CLANG_WARN_OBJC_LITERAL_CONVERSION = YES;
				CLANG_WARN_OBJC_ROOT_CLASS = YES_ERROR;
				CLANG_WARN_QUOTED_INCLUDE_IN_FRAMEWORK_HEADER = YES;
				CLANG_WARN_RANGE_LOOP_ANALYSIS = YES;
				CLANG_WARN_STRICT_PROTOTYPES = YES;
				CLANG_WARN_SUSPICIOUS_MOVE = YES;
				CLANG_WARN_UNGUARDED_AVAILABILITY = YES_AGGRESSIVE;
				CLANG_WARN_UNREACHABLE_CODE = YES;
				CLANG_WARN__DUPLICATE_METHOD_MATCH = YES;
				COPY_PHASE_STRIP = NO;
				DEBUG_INFORMATION_FORMAT = "dwarf-with-dsym";
				ENABLE_NS_ASSERTIONS = NO;
				ENABLE_STRICT_OBJC_MSGSEND = YES;
				GCC_C_LANGUAGE_STANDARD = gnu11;
				GCC_NO_COMMON_BLOCKS = YES;
				GCC_WARN_64_TO_32_BIT_CONVERSION = YES;
				GCC_WARN_ABOUT_RETURN_TYPE = YES_ERROR;
				GCC_WARN_UNDECLARED_SELECTOR = YES;
				GCC_WARN_UNINITIALIZED_AUTOS = YES_AGGRESSIVE;
				GCC_WARN_UNUSED_FUNCTION = YES;
				GCC_WARN_UNUSED_VARIABLE = YES;
				IPHONEOS_DEPLOYMENT_TARGET = 16.2;
				MTL_ENABLE_DEBUG_INFO = NO;
				MTL_FAST_MATH = YES;
				SDKROOT = iphoneos;
				SWIFT_COMPILATION_MODE = wholemodule;
				SWIFT_OPTIMIZATION_LEVEL = "-O";
				VALIDATE_PRODUCT = YES;
			};
			name = Release;
		};
		AF280AFE2BF7430F00817EBD /* Debug */ = {
			isa = XCBuildConfiguration;
			buildSettings = {
				ASSETCATALOG_COMPILER_APPICON_NAME = AppIcon;
				ASSETCATALOG_COMPILER_GLOBAL_ACCENT_COLOR_NAME = AccentColor;
				CODE_SIGN_STYLE = Automatic;
				CURRENT_PROJECT_VERSION = 1;
				DEVELOPMENT_ASSET_PATHS = "\"SwiftUIDemo/Preview Content\"";
				ENABLE_PREVIEWS = YES;
				GENERATE_INFOPLIST_FILE = YES;
				INFOPLIST_FILE = SwiftUIDemo/Info.plist;
				INFOPLIST_KEY_UIApplicationSceneManifest_Generation = YES;
				INFOPLIST_KEY_UIApplicationSupportsIndirectInputEvents = YES;
				INFOPLIST_KEY_UISupportedInterfaceOrientations_iPad = "UIInterfaceOrientationPortrait UIInterfaceOrientationPortraitUpsideDown UIInterfaceOrientationLandscapeLeft UIInterfaceOrientationLandscapeRight";
				INFOPLIST_KEY_UISupportedInterfaceOrientations_iPhone = "UIInterfaceOrientationPortrait UIInterfaceOrientationLandscapeLeft UIInterfaceOrientationLandscapeRight";
				LD_RUNPATH_SEARCH_PATHS = (
					"$(inherited)",
					"@executable_path/Frameworks",
				);
				MARKETING_VERSION = 1.0;
				PRODUCT_BUNDLE_IDENTIFIER = com.fqy.SwiftUIDemo;
				PRODUCT_NAME = "$(TARGET_NAME)";
				SWIFT_EMIT_LOC_STRINGS = YES;
				SWIFT_VERSION = 5.0;
				TARGETED_DEVICE_FAMILY = "1,2";
			};
			name = Debug;
		};
		AF280AFF2BF7430F00817EBD /* Release */ = {
			isa = XCBuildConfiguration;
			buildSettings = {
				ASSETCATALOG_COMPILER_APPICON_NAME = AppIcon;
				ASSETCATALOG_COMPILER_GLOBAL_ACCENT_COLOR_NAME = AccentColor;
				CODE_SIGN_STYLE = Automatic;
				CURRENT_PROJECT_VERSION = 1;
				DEVELOPMENT_ASSET_PATHS = "\"SwiftUIDemo/Preview Content\"";
				ENABLE_PREVIEWS = YES;
				GENERATE_INFOPLIST_FILE = YES;
				INFOPLIST_FILE = SwiftUIDemo/Info.plist;
				INFOPLIST_KEY_UIApplicationSceneManifest_Generation = YES;
				INFOPLIST_KEY_UIApplicationSupportsIndirectInputEvents = YES;
				INFOPLIST_KEY_UISupportedInterfaceOrientations_iPad = "UIInterfaceOrientationPortrait UIInterfaceOrientationPortraitUpsideDown UIInterfaceOrientationLandscapeLeft UIInterfaceOrientationLandscapeRight";
				INFOPLIST_KEY_UISupportedInterfaceOrientations_iPhone = "UIInterfaceOrientationPortrait UIInterfaceOrientationLandscapeLeft UIInterfaceOrientationLandscapeRight";
				LD_RUNPATH_SEARCH_PATHS = (
					"$(inherited)",
					"@executable_path/Frameworks",
				);
				MARKETING_VERSION = 1.0;
				PRODUCT_BUNDLE_IDENTIFIER = com.fqy.SwiftUIDemo;
				PRODUCT_NAME = "$(TARGET_NAME)";
				SWIFT_EMIT_LOC_STRINGS = YES;
				SWIFT_VERSION = 5.0;
				TARGETED_DEVICE_FAMILY = "1,2";
			};
			name = Release;
		};
/* End XCBuildConfiguration section */

/* Begin XCConfigurationList section */
		AF280AEA2BF7430D00817EBD /* Build configuration list for PBXProject "SwiftUIDemo" */ = {
			isa = XCConfigurationList;
			buildConfigurations = (
				AF280AFB2BF7430F00817EBD /* Debug */,
				AF280AFC2BF7430F00817EBD /* Release */,
			);
			defaultConfigurationIsVisible = 0;
			defaultConfigurationName = Release;
		};
		AF280AFD2BF7430F00817EBD /* Build configuration list for PBXNativeTarget "SwiftUIDemo" */ = {
			isa = XCConfigurationList;
			buildConfigurations = (
				AF280AFE2BF7430F00817EBD /* Debug */,
				AF280AFF2BF7430F00817EBD /* Release */,
			);
			defaultConfigurationIsVisible = 0;
			defaultConfigurationName = Release;
		};
/* End XCConfigurationList section */
	};
	rootObject = AF280AE72BF7430D00817EBD /* Project object */;
}
